
Microsoft Visual Studio Solution File, Format Version 12.00
# Visual Studio Version 17
VisualStudioVersion = 17.2.32602.215
MinimumVisualStudioVersion = 10.0.40219.1
Project("{FAE04EC0-301F-11D3-BF4B-00C04F79EFBC}") = "Races", "Races.csproj", "{17B87442-6A62-4540-940D-2D6C4FB10984}"
EndProject
Global
	GlobalSection(SolutionConfigurationPlatforms) = preSolution
		Debug|Any CPU = Debug|Any CPU
		Release|Any CPU = Release|Any CPU
	EndGlobalSection
	GlobalSection(ProjectConfigurationPlatforms) = postSolution
		{17B87442-6A62-4540-940D-2D6C4FB10984}.Debug|Any CPU.ActiveCfg = Debug|Any CPU
		{17B87442-6A62-4540-940D-2D6C4FB10984}.Debug|Any CPU.Build.0 = Debug|Any CPU
		{17B87442-6A62-4540-940D-2D6C4FB10984}.Release|Any CPU.ActiveCfg = Release|Any CPU
		{17B87442-6A62-4540-940D-2D6C4FB10984}.Release|Any CPU.Build.0 = Release|Any CPU
	EndGlobalSection
	GlobalSection(SolutionProperties) = preSolution
		HideSolutionNode = FALSE
	EndGlobalSection
	GlobalSection(ExtensibilityGlobals) = postSolution
		SolutionGuid = {169C4717-BDF4-445F-881F-FC6AEDBA7F36}
	EndGlobalSection
EndGlobal
